
Microsoft Visual Studio Solution File, Format Version 12.00
# Visual Studio Version 16
VisualStudioVersion = 16.0.30804.86
MinimumVisualStudioVersion = 10.0.40219.1
Project("{FAE04EC0-301F-11D3-BF4B-00C04F79EFBC}") = "suma", "suma.csproj", "{7B03063D-BD5B-41AF-82D4-D5C8F38DC528}"
EndProject
Global
	GlobalSection(SolutionConfigurationPlatforms) = preSolution
		Debug|Any CPU = Debug|Any CPU
		Release|Any CPU = Release|Any CPU
	EndGlobalSection
	GlobalSection(ProjectConfigurationPlatforms) = postSolution
		{7B03063D-BD5B-41AF-82D4-D5C8F38DC528}.Debug|Any CPU.ActiveCfg = Debug|Any CPU
		{7B03063D-BD5B-41AF-82D4-D5C8F38DC528}.Debug|Any CPU.Build.0 = Debug|Any CPU
		{7B03063D-BD5B-41AF-82D4-D5C8F38DC528}.Release|Any CPU.ActiveCfg = Release|Any CPU
		{7B03063D-BD5B-41AF-82D4-D5C8F38DC528}.Release|Any CPU.Build.0 = Release|Any CPU
	EndGlobalSection
	GlobalSection(SolutionProperties) = preSolution
		HideSolutionNode = FALSE
	EndGlobalSection
	GlobalSection(ExtensibilityGlobals) = postSolution
		SolutionGuid = {42529BDD-9F69-42B0-B307-8C5E51418E99}
	EndGlobalSection
EndGlobal
